{
  "version": 4,
  "terraform_version": "1.3.7",
  "serial": 58,
  "lineage": "e4180978-17ce-c59c-d5cc-3ea0cf35bf32",
  "outputs": {},
  "resources": [
    {
      "mode": "managed",
      "type": "openstack_networking_network_v2",
      "name": "test_network_1",
      "provider": "provider[\"registry.terraform.io/terraform-provider-openstack/openstack\"]",
      "instances": [
        {
          "schema_version": 0,
          "attributes": {
            "admin_state_up": true,
            "all_tags": [],
            "availability_zone_hints": [],
            "description": "",
            "dns_domain": "",
            "external": false,
            "id": "85ce24ce-0fd0-4f66-86f5-b25db8503969",
            "mtu": 1442,
            "name": "test_network_1",
            "port_security_enabled": true,
            "qos_policy_id": "",
            "region": "RegionOne",
            "segments": [],
            "shared": false,
            "tags": [],
            "tenant_id": "f66741536ecd43968efb64dd7acc011c",
            "timeouts": null,
            "transparent_vlan": false,
            "value_specs": null
          },
          "sensitive_attributes": [],
          "private": "eyJlMmJmYjczMC1lY2FhLTExZTYtOGY4OC0zNDM2M2JjN2M0YzAiOnsiY3JlYXRlIjo2MDAwMDAwMDAwMDAsImRlbGV0ZSI6NjAwMDAwMDAwMDAwfX0="
        }
      ]
    },
    {
      "mode": "managed",
      "type": "openstack_networking_network_v2",
      "name": "test_network_2",
      "provider": "provider[\"registry.terraform.io/terraform-provider-openstack/openstack\"]",
      "instances": [
        {
          "schema_version": 0,
          "attributes": {
            "admin_state_up": true,
            "all_tags": [],
            "availability_zone_hints": [],
            "description": "",
            "dns_domain": "",
            "external": false,
            "id": "92ba78b9-3519-4eeb-b495-2d7957836775",
            "mtu": 1442,
            "name": "test_network_2",
            "port_security_enabled": true,
            "qos_policy_id": "",
            "region": "RegionOne",
            "segments": [],
            "shared": false,
            "tags": [],
            "tenant_id": "f66741536ecd43968efb64dd7acc011c",
            "timeouts": null,
            "transparent_vlan": false,
            "value_specs": null
          },
          "sensitive_attributes": [],
          "private": "eyJlMmJmYjczMC1lY2FhLTExZTYtOGY4OC0zNDM2M2JjN2M0YzAiOnsiY3JlYXRlIjo2MDAwMDAwMDAwMDAsImRlbGV0ZSI6NjAwMDAwMDAwMDAwfX0="
        }
      ]
    },
    {
      "mode": "managed",
      "type": "openstack_networking_router_interface_v2",
      "name": "router_subnet_1",
      "provider": "provider[\"registry.terraform.io/terraform-provider-openstack/openstack\"]",
      "instances": [
        {
          "schema_version": 0,
          "attributes": {
            "id": "1c7763aa-e9a4-46ed-b380-197a2a8dcbc0",
            "port_id": "1c7763aa-e9a4-46ed-b380-197a2a8dcbc0",
            "region": "RegionOne",
            "router_id": "dcc8a460-c2da-4394-88f5-891f332bb91e",
            "subnet_id": "dc98ed16-31f8-4698-8517-f9e701893805",
            "timeouts": null
          },
          "sensitive_attributes": [],
          "private": "eyJlMmJmYjczMC1lY2FhLTExZTYtOGY4OC0zNDM2M2JjN2M0YzAiOnsiY3JlYXRlIjo2MDAwMDAwMDAwMDAsImRlbGV0ZSI6NjAwMDAwMDAwMDAwfX0=",
          "dependencies": [
            "openstack_networking_network_v2.test_network_1",
            "openstack_networking_router_v2.test_router",
            "openstack_networking_subnet_v2.subnet_1"
          ]
        }
      ]
    },
    {
      "mode": "managed",
      "type": "openstack_networking_router_interface_v2",
      "name": "router_subnet_2",
      "provider": "provider[\"registry.terraform.io/terraform-provider-openstack/openstack\"]",
      "instances": [
        {
          "schema_version": 0,
          "attributes": {
            "id": "ae91d2a2-a61c-4aa3-8830-2372022e8fd0",
            "port_id": "ae91d2a2-a61c-4aa3-8830-2372022e8fd0",
            "region": "RegionOne",
            "router_id": "dcc8a460-c2da-4394-88f5-891f332bb91e",
            "subnet_id": "111a20a7-e705-4c1d-97cf-58b9b85cb06a",
            "timeouts": null
          },
          "sensitive_attributes": [],
          "private": "eyJlMmJmYjczMC1lY2FhLTExZTYtOGY4OC0zNDM2M2JjN2M0YzAiOnsiY3JlYXRlIjo2MDAwMDAwMDAwMDAsImRlbGV0ZSI6NjAwMDAwMDAwMDAwfX0=",
          "dependencies": [
            "openstack_networking_network_v2.test_network_2",
            "openstack_networking_router_v2.test_router",
            "openstack_networking_subnet_v2.subnet_2"
          ]
        }
      ]
    },
    {
      "mode": "managed",
      "type": "openstack_networking_router_v2",
      "name": "test_router",
      "provider": "provider[\"registry.terraform.io/terraform-provider-openstack/openstack\"]",
      "instances": [
        {
          "schema_version": 0,
          "attributes": {
            "admin_state_up": true,
            "all_tags": [],
            "availability_zone_hints": [],
            "description": "",
            "distributed": false,
            "enable_snat": true,
            "external_fixed_ip": [
              {
                "ip_address": "172.24.4.69",
                "subnet_id": "6c2caadb-85f7-4e2c-88e0-65ddce41bdf9"
              },
              {
                "ip_address": "2001:db8::2be",
                "subnet_id": "c30df5aa-5459-4ecf-8bb7-3f5f007ad89e"
              }
            ],
            "external_gateway": "a3a657c0-3984-40cd-bce9-d4df90ed4b77",
            "external_network_id": "a3a657c0-3984-40cd-bce9-d4df90ed4b77",
            "external_subnet_ids": null,
            "id": "dcc8a460-c2da-4394-88f5-891f332bb91e",
            "name": "test_router",
            "region": "RegionOne",
            "tags": [],
            "tenant_id": "f66741536ecd43968efb64dd7acc011c",
            "timeouts": null,
            "value_specs": null,
            "vendor_options": []
          },
          "sensitive_attributes": [],
          "private": "eyJlMmJmYjczMC1lY2FhLTExZTYtOGY4OC0zNDM2M2JjN2M0YzAiOnsiY3JlYXRlIjo2MDAwMDAwMDAwMDAsImRlbGV0ZSI6NjAwMDAwMDAwMDAwfX0="
        }
      ]
    },
    {
      "mode": "managed",
      "type": "openstack_networking_secgroup_rule_v2",
      "name": "allow_22",
      "provider": "provider[\"registry.terraform.io/terraform-provider-openstack/openstack\"]",
      "instances": [
        {
          "schema_version": 0,
          "attributes": {
            "description": "",
            "direction": "ingress",
            "ethertype": "IPv4",
            "id": "5db24899-e35c-458a-bbcd-de17afe71792",
            "port_range_max": 22,
            "port_range_min": 22,
            "protocol": "tcp",
            "region": "RegionOne",
            "remote_group_id": "",
            "remote_ip_prefix": "",
            "security_group_id": "4a6bb318-dd74-4a19-8d1b-9dd405aa27d2",
            "tenant_id": "f66741536ecd43968efb64dd7acc011c",
            "timeouts": null
          },
          "sensitive_attributes": [],
          "private": "eyJlMmJmYjczMC1lY2FhLTExZTYtOGY4OC0zNDM2M2JjN2M0YzAiOnsiZGVsZXRlIjo2MDAwMDAwMDAwMDB9fQ==",
          "dependencies": [
            "openstack_networking_secgroup_v2.main_sec_group"
          ]
        }
      ]
    },
    {
      "mode": "managed",
      "type": "openstack_networking_secgroup_rule_v2",
      "name": "allow_icmp",
      "provider": "provider[\"registry.terraform.io/terraform-provider-openstack/openstack\"]",
      "instances": [
        {
          "schema_version": 0,
          "attributes": {
            "description": "",
            "direction": "ingress",
            "ethertype": "IPv4",
            "id": "f9eb9803-dbe9-4d01-b502-9c011371ffca",
            "port_range_max": 0,
            "port_range_min": 0,
            "protocol": "icmp",
            "region": "RegionOne",
            "remote_group_id": "",
            "remote_ip_prefix": "",
            "security_group_id": "4a6bb318-dd74-4a19-8d1b-9dd405aa27d2",
            "tenant_id": "f66741536ecd43968efb64dd7acc011c",
            "timeouts": null
          },
          "sensitive_attributes": [],
          "private": "eyJlMmJmYjczMC1lY2FhLTExZTYtOGY4OC0zNDM2M2JjN2M0YzAiOnsiZGVsZXRlIjo2MDAwMDAwMDAwMDB9fQ==",
          "dependencies": [
            "openstack_networking_secgroup_v2.main_sec_group"
          ]
        }
      ]
    },
    {
      "mode": "managed",
      "type": "openstack_networking_secgroup_v2",
      "name": "main_sec_group",
      "provider": "provider[\"registry.terraform.io/terraform-provider-openstack/openstack\"]",
      "instances": [
        {
          "schema_version": 0,
          "attributes": {
            "all_tags": [],
            "delete_default_rules": null,
            "description": "My test security group",
            "id": "4a6bb318-dd74-4a19-8d1b-9dd405aa27d2",
            "name": "main_sec_group",
            "region": "RegionOne",
            "tags": [],
            "tenant_id": "f66741536ecd43968efb64dd7acc011c",
            "timeouts": null
          },
          "sensitive_attributes": [],
          "private": "eyJlMmJmYjczMC1lY2FhLTExZTYtOGY4OC0zNDM2M2JjN2M0YzAiOnsiZGVsZXRlIjo2MDAwMDAwMDAwMDB9fQ=="
        }
      ]
    },
    {
      "mode": "managed",
      "type": "openstack_networking_subnet_v2",
      "name": "subnet_1",
      "provider": "provider[\"registry.terraform.io/terraform-provider-openstack/openstack\"]",
      "instances": [
        {
          "schema_version": 0,
          "attributes": {
            "all_tags": [],
            "allocation_pool": [
              {
                "end": "10.2.3.254",
                "start": "10.2.0.2"
              }
            ],
            "allocation_pools": [
              {
                "end": "10.2.3.254",
                "start": "10.2.0.2"
              }
            ],
            "cidr": "10.2.0.0/22",
            "description": "",
            "dns_nameservers": [],
            "enable_dhcp": true,
            "gateway_ip": "10.2.0.1",
            "host_routes": [],
            "id": "dc98ed16-31f8-4698-8517-f9e701893805",
            "ip_version": 4,
            "ipv6_address_mode": "",
            "ipv6_ra_mode": "",
            "name": "",
            "network_id": "85ce24ce-0fd0-4f66-86f5-b25db8503969",
            "no_gateway": false,
            "prefix_length": null,
            "region": "RegionOne",
            "subnetpool_id": "",
            "tags": [],
            "tenant_id": "f66741536ecd43968efb64dd7acc011c",
            "timeouts": null,
            "value_specs": null
          },
          "sensitive_attributes": [],
          "private": "eyJlMmJmYjczMC1lY2FhLTExZTYtOGY4OC0zNDM2M2JjN2M0YzAiOnsiY3JlYXRlIjo2MDAwMDAwMDAwMDAsImRlbGV0ZSI6NjAwMDAwMDAwMDAwfX0=",
          "dependencies": [
            "openstack_networking_network_v2.test_network_1"
          ]
        }
      ]
    },
    {
      "mode": "managed",
      "type": "openstack_networking_subnet_v2",
      "name": "subnet_2",
      "provider": "provider[\"registry.terraform.io/terraform-provider-openstack/openstack\"]",
      "instances": [
        {
          "schema_version": 0,
          "attributes": {
            "all_tags": [],
            "allocation_pool": [
              {
                "end": "10.3.3.254",
                "start": "10.3.0.2"
              }
            ],
            "allocation_pools": [
              {
                "end": "10.3.3.254",
                "start": "10.3.0.2"
              }
            ],
            "cidr": "10.3.0.0/22",
            "description": "",
            "dns_nameservers": [],
            "enable_dhcp": true,
            "gateway_ip": "10.3.0.1",
            "host_routes": [],
            "id": "111a20a7-e705-4c1d-97cf-58b9b85cb06a",
            "ip_version": 4,
            "ipv6_address_mode": "",
            "ipv6_ra_mode": "",
            "name": "",
            "network_id": "92ba78b9-3519-4eeb-b495-2d7957836775",
            "no_gateway": false,
            "prefix_length": null,
            "region": "RegionOne",
            "subnetpool_id": "",
            "tags": [],
            "tenant_id": "f66741536ecd43968efb64dd7acc011c",
            "timeouts": null,
            "value_specs": null
          },
          "sensitive_attributes": [],
          "private": "eyJlMmJmYjczMC1lY2FhLTExZTYtOGY4OC0zNDM2M2JjN2M0YzAiOnsiY3JlYXRlIjo2MDAwMDAwMDAwMDAsImRlbGV0ZSI6NjAwMDAwMDAwMDAwfX0=",
          "dependencies": [
            "openstack_networking_network_v2.test_network_2"
          ]
        }
      ]
    },
    {
      "module": "module.instance_subnet1",
      "mode": "managed",
      "type": "openstack_compute_instance_v2",
      "name": "test_instance",
      "provider": "provider[\"registry.terraform.io/terraform-provider-openstack/openstack\"]",
      "instances": [
        {
          "index_key": 0,
          "schema_version": 0,
          "attributes": {
            "access_ip_v4": "10.2.1.146",
            "access_ip_v6": "",
            "admin_pass": null,
            "all_metadata": {},
            "all_tags": [],
            "availability_zone": "nova",
            "availability_zone_hints": null,
            "block_device": [],
            "config_drive": null,
            "flavor_id": "84",
            "flavor_name": "m1.micro",
            "floating_ip": null,
            "force_delete": false,
            "id": "ddc42b70-c873-44f5-a867-cfc55eccad12",
            "image_id": "6f40160d-96f6-4b67-85c2-dc3ce0d970d4",
            "image_name": "cirros-0.5.2-x86_64-disk",
            "key_pair": "test-key",
            "metadata": null,
            "name": "instance1-0",
            "network": [
              {
                "access_network": false,
                "fixed_ip_v4": "10.2.1.146",
                "fixed_ip_v6": "",
                "floating_ip": "",
                "mac": "fa:16:3e:8b:d1:e0",
                "name": "test_network_1",
                "port": "",
                "uuid": "85ce24ce-0fd0-4f66-86f5-b25db8503969"
              }
            ],
            "network_mode": null,
            "personality": [],
            "power_state": "active",
            "region": "RegionOne",
            "scheduler_hints": [],
            "security_groups": [
              "default"
            ],
            "stop_before_destroy": false,
            "tags": null,
            "timeouts": null,
            "user_data": null,
            "vendor_options": [],
            "volume": []
          },
          "sensitive_attributes": [],
          "private": "eyJlMmJmYjczMC1lY2FhLTExZTYtOGY4OC0zNDM2M2JjN2M0YzAiOnsiY3JlYXRlIjoxODAwMDAwMDAwMDAwLCJkZWxldGUiOjE4MDAwMDAwMDAwMDAsInVwZGF0ZSI6MTgwMDAwMDAwMDAwMH19",
          "dependencies": [
            "openstack_networking_network_v2.test_network_1"
          ]
        },
        {
          "index_key": 1,
          "schema_version": 0,
          "attributes": {
            "access_ip_v4": "10.2.0.189",
            "access_ip_v6": "",
            "admin_pass": null,
            "all_metadata": {},
            "all_tags": [],
            "availability_zone": "nova",
            "availability_zone_hints": null,
            "block_device": [],
            "config_drive": null,
            "flavor_id": "84",
            "flavor_name": "m1.micro",
            "floating_ip": null,
            "force_delete": false,
            "id": "38e94757-4ad4-4deb-b9a1-618c50cf8ed6",
            "image_id": "6f40160d-96f6-4b67-85c2-dc3ce0d970d4",
            "image_name": "cirros-0.5.2-x86_64-disk",
            "key_pair": "test-key",
            "metadata": null,
            "name": "instance1-1",
            "network": [
              {
                "access_network": false,
                "fixed_ip_v4": "10.2.0.189",
                "fixed_ip_v6": "",
                "floating_ip": "",
                "mac": "fa:16:3e:8b:28:c6",
                "name": "test_network_1",
                "port": "",
                "uuid": "85ce24ce-0fd0-4f66-86f5-b25db8503969"
              }
            ],
            "network_mode": null,
            "personality": [],
            "power_state": "active",
            "region": "RegionOne",
            "scheduler_hints": [],
            "security_groups": [
              "default"
            ],
            "stop_before_destroy": false,
            "tags": null,
            "timeouts": null,
            "user_data": null,
            "vendor_options": [],
            "volume": []
          },
          "sensitive_attributes": [],
          "private": "eyJlMmJmYjczMC1lY2FhLTExZTYtOGY4OC0zNDM2M2JjN2M0YzAiOnsiY3JlYXRlIjoxODAwMDAwMDAwMDAwLCJkZWxldGUiOjE4MDAwMDAwMDAwMDAsInVwZGF0ZSI6MTgwMDAwMDAwMDAwMH19",
          "dependencies": [
            "openstack_networking_network_v2.test_network_1"
          ]
        }
      ]
    },
    {
      "module": "module.instance_subnet2",
      "mode": "managed",
      "type": "openstack_compute_instance_v2",
      "name": "test_instance",
      "provider": "provider[\"registry.terraform.io/terraform-provider-openstack/openstack\"]",
      "instances": [
        {
          "index_key": 0,
          "schema_version": 0,
          "attributes": {
            "access_ip_v4": "10.3.2.235",
            "access_ip_v6": "",
            "admin_pass": null,
            "all_metadata": {},
            "all_tags": [],
            "availability_zone": "nova",
            "availability_zone_hints": null,
            "block_device": [],
            "config_drive": null,
            "flavor_id": "84",
            "flavor_name": "m1.micro",
            "floating_ip": null,
            "force_delete": false,
            "id": "1fa0594f-eabe-4a99-9b61-7206b2c870f8",
            "image_id": "6f40160d-96f6-4b67-85c2-dc3ce0d970d4",
            "image_name": "cirros-0.5.2-x86_64-disk",
            "key_pair": "test-key",
            "metadata": null,
            "name": "instance3-0",
            "network": [
              {
                "access_network": false,
                "fixed_ip_v4": "10.3.2.235",
                "fixed_ip_v6": "",
                "floating_ip": "",
                "mac": "fa:16:3e:2a:6f:1f",
                "name": "test_network_2",
                "port": "",
                "uuid": "92ba78b9-3519-4eeb-b495-2d7957836775"
              }
            ],
            "network_mode": null,
            "personality": [],
            "power_state": "active",
            "region": "RegionOne",
            "scheduler_hints": [],
            "security_groups": [
              "default"
            ],
            "stop_before_destroy": false,
            "tags": null,
            "timeouts": null,
            "user_data": null,
            "vendor_options": [],
            "volume": []
          },
          "sensitive_attributes": [],
          "private": "eyJlMmJmYjczMC1lY2FhLTExZTYtOGY4OC0zNDM2M2JjN2M0YzAiOnsiY3JlYXRlIjoxODAwMDAwMDAwMDAwLCJkZWxldGUiOjE4MDAwMDAwMDAwMDAsInVwZGF0ZSI6MTgwMDAwMDAwMDAwMH19",
          "dependencies": [
            "openstack_networking_network_v2.test_network_2"
          ]
        }
      ]
    }
  ],
  "check_results": null
}
